{
  "name": "importation_exel_in_postgresql_",
  "lockfileVersion": 3,
  "requires": true,
  "packages": {
    "": {
      "dependencies": {
        "@syncfusion/ej2-base": "^31.1.22",
        "@syncfusion/ej2-data": "^31.1.23",
        "@syncfusion/ej2-react-charts": "^31.1.23"
      }
    },
    "node_modules/@syncfusion/ej2-base": {
      "version": "31.1.22",
      "resolved": "https://registry.npmjs.org/@syncfusion/ej2-base/-/ej2-base-31.1.22.tgz",
      "integrity": "sha512-zgNULXYUFG8Cr2ML8VcUqj8EcQSVd/eXNnD8APZdOjELJPE1ZzeNmRzCab16A/hqCZ+wAXwKmjaTC0I6xiXjSQ==",
      "dependencies": {
        "@syncfusion/ej2-icons": "~31.1.17"
      },
      "bin": {
        "syncfusion-license": "bin/syncfusion-license.js"
      }
    },
    "node_modules/@syncfusion/ej2-buttons": {
      "version": "31.1.21",
      "resolved": "https://registry.npmjs.org/@syncfusion/ej2-buttons/-/ej2-buttons-31.1.21.tgz",
      "integrity": "sha512-NcBMK19Yn7//bwbREsdvqy3v1237AzulrphSmeS9SrKMd7L5H6apeqFe1BAkvAs/K+JPpt6A3Dv6Fhl3SkVcUg==",
      "dependencies": {
        "@syncfusion/ej2-base": "~31.1.20"
      }
    },
    "node_modules/@syncfusion/ej2-calendars": {
      "version": "31.1.23",
      "resolved": "https://registry.npmjs.org/@syncfusion/ej2-calendars/-/ej2-calendars-31.1.23.tgz",
      "integrity": "sha512-p5dxxc0xOtLza8qFaPud45byREztZNC4fzdRWAJRwBfUDhHRa1rXSjUDdYqFV3bFcUaM/hGdS+81uH1bFoF6yQ==",
      "dependencies": {
        "@syncfusion/ej2-base": "~31.1.22",
        "@syncfusion/ej2-buttons": "~31.1.21",
        "@syncfusion/ej2-inputs": "~31.1.23",
        "@syncfusion/ej2-lists": "~31.1.17",
        "@syncfusion/ej2-popups": "~31.1.20"
      }
    },
    "node_modules/@syncfusion/ej2-charts": {
      "version": "31.1.23",
      "resolved": "https://registry.npmjs.org/@syncfusion/ej2-charts/-/ej2-charts-31.1.23.tgz",
      "integrity": "sha512-UY/01xJQBWqf83Oxi+p+cfiZzKDGTJqSkQg0SPbUmu6oWMKhr13HouTN2gSRsCoFgZdGzyDpzgqH0mG2FGbUow==",
      "dependencies": {
        "@syncfusion/ej2-base": "~31.1.22",
        "@syncfusion/ej2-calendars": "~31.1.23",
        "@syncfusion/ej2-data": "~31.1.23",
        "@syncfusion/ej2-excel-export": "~31.1.17",
        "@syncfusion/ej2-navigations": "~31.1.20",
        "@syncfusion/ej2-pdf-export": "~31.1.17",
        "@syncfusion/ej2-svg-base": "~31.1.17"
      }
    },
    "node_modules/@syncfusion/ej2-compression": {
      "version": "31.1.17",
      "resolved": "https://registry.npmjs.org/@syncfusion/ej2-compression/-/ej2-compression-31.1.17.tgz",
      "integrity": "sha512-Gl+IDD9GEiTc/lIsMPNGVNDqQojL7q2qehVuFGjaXxE9xKzOiU805+uuhmbJg3kldHFNsdAMDJeKPy4ubwf8bg==",
      "dependencies": {
        "@syncfusion/ej2-file-utils": "~31.1.17"
      }
    },
    "node_modules/@syncfusion/ej2-data": {
      "version": "31.1.23",
      "resolved": "https://registry.npmjs.org/@syncfusion/ej2-data/-/ej2-data-31.1.23.tgz",
      "integrity": "sha512-87MaU1VS4pQZz0Xb8OzBPt9U3fsC8GZwEaKsu4FzmAxiP8OVDQw7EAPDkgu8RbuSQ2NGO4/lO6W/wS9zl9EjhQ==",
      "dependencies": {
        "@syncfusion/ej2-base": "~31.1.22"
      }
    },
    "node_modules/@syncfusion/ej2-excel-export": {
      "version": "31.1.17",
      "resolved": "https://registry.npmjs.org/@syncfusion/ej2-excel-export/-/ej2-excel-export-31.1.17.tgz",
      "integrity": "sha512-m6GyoLkp1miq/GDYTr471x2+2ZKHKfGvXRcAK2d9xNOG+kBKFxhbt8AkZxbnhFZXeaAfpKkv5kZ0uCpbsPPwgw==",
      "dependencies": {
        "@syncfusion/ej2-base": "~31.1.17",
        "@syncfusion/ej2-compression": "~31.1.17"
      }
    },
    "node_modules/@syncfusion/ej2-file-utils": {
      "version": "31.1.17",
      "resolved": "https://registry.npmjs.org/@syncfusion/ej2-file-utils/-/ej2-file-utils-31.1.17.tgz",
      "integrity": "sha512-CzCB3KSIKRJo9VG7uP5pqPyH8shR0pBM2UDRP9BH2Gvl8YjLmV6QoPWa5aMCkFX0t0BHn1rlfh9sk+rq6LmD8Q=="
    },
    "node_modules/@syncfusion/ej2-icons": {
      "version": "31.1.17",
      "resolved": "https://registry.npmjs.org/@syncfusion/ej2-icons/-/ej2-icons-31.1.17.tgz",
      "integrity": "sha512-5IkOJyoUL7MoOjRE+hf2jC/dCjS+Q1Z34oz49mSvK1vKc2kcYR5Wa7o49uwjAgmJUSZK8O2cGE0M3HHSBFIKSw=="
    },
    "node_modules/@syncfusion/ej2-inputs": {
      "version": "31.1.23",
      "resolved": "https://registry.npmjs.org/@syncfusion/ej2-inputs/-/ej2-inputs-31.1.23.tgz",
      "integrity": "sha512-Ct1hcTWe+NRJG4Jz28lCGjM0wNXsBkjea1R7nxDKU8WrDFNaxNl7YT6eEWaK+wR/7OpHz9d6lilpvGb/yRaw7Q==",
      "dependencies": {
        "@syncfusion/ej2-base": "~31.1.22",
        "@syncfusion/ej2-buttons": "~31.1.21",
        "@syncfusion/ej2-popups": "~31.1.20",
        "@syncfusion/ej2-splitbuttons": "~31.1.17"
      }
    },
    "node_modules/@syncfusion/ej2-lists": {
      "version": "31.1.17",
      "resolved": "https://registry.npmjs.org/@syncfusion/ej2-lists/-/ej2-lists-31.1.17.tgz",
      "integrity": "sha512-EyU/yUflRQ2hsGvOiguCdqdAeyUmojwllVgnx89MZyJ4zuCSU+OhbETJZ7BB2+8uhleq1cJ3wTY2PtHpBrPErw==",
      "dependencies": {
        "@syncfusion/ej2-base": "~31.1.17",
        "@syncfusion/ej2-buttons": "~31.1.17",
        "@syncfusion/ej2-data": "~31.1.17",
        "@syncfusion/ej2-popups": "~31.1.17"
      }
    },
    "node_modules/@syncfusion/ej2-navigations": {
      "version": "31.1.20",
      "resolved": "https://registry.npmjs.org/@syncfusion/ej2-navigations/-/ej2-navigations-31.1.20.tgz",
      "integrity": "sha512-KzJT4vHbMF9ooq8o41xwYUJX70Dr96mMEaRYJusRv/RJ+1zM/UvHhgX8n15TIFTXexH1y+KwkFvYaGchcokBgA==",
      "dependencies": {
        "@syncfusion/ej2-base": "~31.1.20",
        "@syncfusion/ej2-buttons": "~31.1.17",
        "@syncfusion/ej2-data": "~31.1.17",
        "@syncfusion/ej2-inputs": "~31.1.20",
        "@syncfusion/ej2-lists": "~31.1.17",
        "@syncfusion/ej2-popups": "~31.1.20"
      }
    },
    "node_modules/@syncfusion/ej2-pdf-export": {
      "version": "31.1.17",
      "resolved": "https://registry.npmjs.org/@syncfusion/ej2-pdf-export/-/ej2-pdf-export-31.1.17.tgz",
      "integrity": "sha512-GbUMp2e8NpiZ/FwjDhPrUcXwPcXI5N8m2eENnqQYV7WRJCnHjjd9IEVTpZJeGRZNVcMPcauMng0Vxz2La7FBlA==",
      "dependencies": {
        "@syncfusion/ej2-compression": "~31.1.17"
      }
    },
    "node_modules/@syncfusion/ej2-popups": {
      "version": "31.1.20",
      "resolved": "https://registry.npmjs.org/@syncfusion/ej2-popups/-/ej2-popups-31.1.20.tgz",
      "integrity": "sha512-GRPZWX2ZRNS73GpG8NbhC12eBNNqdMR80nhJrun1ZBVfvPTvd6y5/qvJLWg6/kYN02tM+smgyxfxfwOH4HGi3w==",
      "dependencies": {
        "@syncfusion/ej2-base": "~31.1.20",
        "@syncfusion/ej2-buttons": "~31.1.17"
      }
    },
    "node_modules/@syncfusion/ej2-react-base": {
      "version": "31.1.17",
      "resolved": "https://registry.npmjs.org/@syncfusion/ej2-react-base/-/ej2-react-base-31.1.17.tgz",
      "integrity": "sha512-PvR2kvfMEjRE2kOcBSboMMEVkLNsDs9VV5tSfXzYR4aQ5gOvbQcVRQljxjj6lTTG7z3P5OAP6HxYJ0BMLe+E4g==",
      "dependencies": {
        "@syncfusion/ej2-base": "~31.1.17"
      }
    },
    "node_modules/@syncfusion/ej2-react-charts": {
      "version": "31.1.23",
      "resolved": "https://registry.npmjs.org/@syncfusion/ej2-react-charts/-/ej2-react-charts-31.1.23.tgz",
      "integrity": "sha512-p6CIkVuMxlDkY2fV0Qvsvo2TYw2h8lj69S3ihyWN6oJCUkKb7BIiwZIqEef7PHx/wp9NpHgclLrj2IFQcMPZIQ==",
      "dependencies": {
        "@syncfusion/ej2-base": "~31.1.22",
        "@syncfusion/ej2-charts": "31.1.23",
        "@syncfusion/ej2-react-base": "~31.1.17"
      }
    },
    "node_modules/@syncfusion/ej2-splitbuttons": {
      "version": "31.1.17",
      "resolved": "https://registry.npmjs.org/@syncfusion/ej2-splitbuttons/-/ej2-splitbuttons-31.1.17.tgz",
      "integrity": "sha512-8XA9t2wVtSonGnpblqS3FgEoS8sYy6GOh3p99gDKyPI55UYwUcvuHsBaTA/+w4tGwZ5wiNQMKXWaanHXIGvovw==",
      "dependencies": {
        "@syncfusion/ej2-base": "~31.1.17",
        "@syncfusion/ej2-popups": "~31.1.17"
      }
    },
    "node_modules/@syncfusion/ej2-svg-base": {
      "version": "31.1.17",
      "resolved": "https://registry.npmjs.org/@syncfusion/ej2-svg-base/-/ej2-svg-base-31.1.17.tgz",
      "integrity": "sha512-hIj8/OLbrOdlGINaBcVeJkf7M13/WBOOlej3OcM+E6Paf2/XcwpYh++G+hXr0oXZZNFwBFBIuVD9U4D/o2OMpw==",
      "dependencies": {
        "@syncfusion/ej2-base": "~31.1.17"
      }
    }
  }
}
